<?xml version="1.0" encoding="utf-8"?>
<Project ToolsVersion="4.0" xmlns="http://schemas.microsoft.com/developer/msbuild/2003">
  <ItemGroup>
    <Filter Include="Source Files">
      <UniqueIdentifier>{4FC737F1-C7A5-4376-A066-2A32D752A2FF}</UniqueIdentifier>
      <Extensions>cpp;c;cc;cxx;def;odl;idl;hpj;bat;asm;asmx</Extensions>
    </Filter>
    <Filter Include="Header Files">
      <UniqueIdentifier>{93995380-89BD-4b04-88EB-625FBE52EBFB}</UniqueIdentifier>
      <Extensions>h;hh;hpp;hxx;hm;inl;inc;xsd</Extensions>
    </Filter>
    <Filter Include="Resource Files">
      <UniqueIdentifier>{67DA6AB6-F800-4c08-8B7A-83BB121AAD01}</UniqueIdentifier>
      <Extensions>rc;ico;cur;bmp;dlg;rc2;rct;bin;rgs;gif;jpg;jpeg;jpe;resx;tiff;tif;png;wav;mfcribbon-ms</Extensions>
    </Filter>
  </ItemGroup>
  <ItemGroup>
    <ClCompile Include="backbuffer.cpp">
      <Filter>Source Files</Filter>
    </ClCompile>
    <ClCompile Include="clock.cpp">
      <Filter>Source Files</Filter>
    </ClCompile>
    <ClCompile Include="game.cpp">
      <Filter>Source Files</Filter>
    </ClCompile>
    <ClCompile Include="main.cpp">
      <Filter>Source Files</Filter>
    </ClCompile>
    <ClCompile Include="sprite.cpp">
      <Filter>Source Files</Filter>
    </ClCompile>
    <ClCompile Include="card.cpp">
      <Filter>Source Files</Filter>
    </ClCompile>
    <ClCompile Include="deck.cpp">
      <Filter>Source Files</Filter>
    </ClCompile>
    <ClCompile Include="drawpile.cpp">
      <Filter>Source Files</Filter>
    </ClCompile>
    <ClCompile Include="tableaupile.cpp">
      <Filter>Source Files</Filter>
    </ClCompile>
    <ClCompile Include="foundationpile.cpp">
      <Filter>Source Files</Filter>
    </ClCompile>
    <ClCompile Include="PileEntity.cpp">
      <Filter>Source Files</Filter>
    </ClCompile>
    <ClCompile Include="Background.cpp">
      <Filter>Source Files</Filter>
    </ClCompile>
  </ItemGroup>
  <ItemGroup>
    <ClInclude Include="backbuffer.h">
      <Filter>Header Files</Filter>
    </ClInclude>
    <ClInclude Include="clock.h">
      <Filter>Header Files</Filter>
    </ClInclude>
    <ClInclude Include="game.h">
      <Filter>Header Files</Filter>
    </ClInclude>
    <ClInclude Include="sprite.h">
      <Filter>Header Files</Filter>
    </ClInclude>
    <ClInclude Include="utils.h">
      <Filter>Header Files</Filter>
    </ClInclude>
    <ClInclude Include="card.h">
      <Filter>Header Files</Filter>
    </ClInclude>
    <ClInclude Include="deck.h">
      <Filter>Header Files</Filter>
    </ClInclude>
    <ClInclude Include="drawpile.h">
      <Filter>Header Files</Filter>
    </ClInclude>
    <ClInclude Include="tableaupile.h">
      <Filter>Header Files</Filter>
    </ClInclude>
    <ClInclude Include="resource.h">
      <Filter>Header Files</Filter>
    </ClInclude>
    <ClInclude Include="foundationpile.h">
      <Filter>Header Files</Filter>
    </ClInclude>
    <ClInclude Include="PileEntity.h">
      <Filter>Header Files</Filter>
    </ClInclude>
    <ClInclude Include="Background.h">
      <Filter>Header Files</Filter>
    </ClInclude>
  </ItemGroup>
  <ItemGroup>
    <ResourceCompile Include="FrameWork.rc">
      <Filter>Resource Files</Filter>
    </ResourceCompile>
  </ItemGroup>
  <ItemGroup>
    <Image Include="10Clubs.bmp">
      <Filter>Resource Files</Filter>
    </Image>
    <Image Include="10Diamonds.bmp">
      <Filter>Resource Files</Filter>
    </Image>
    <Image Include="10Hearts.bmp">
      <Filter>Resource Files</Filter>
    </Image>
    <Image Include="10Spades.bmp">
      <Filter>Resource Files</Filter>
    </Image>
    <Image Include="2Club.bmp">
      <Filter>Resource Files</Filter>
    </Image>
    <Image Include="2Diamond.bmp">
      <Filter>Resource Files</Filter>
    </Image>
    <Image Include="2Heart.bmp">
      <Filter>Resource Files</Filter>
    </Image>
    <Image Include="2Spade.bmp">
      <Filter>Resource Files</Filter>
    </Image>
    <Image Include="3Club.bmp">
      <Filter>Resource Files</Filter>
    </Image>
    <Image Include="3Diamond.bmp">
      <Filter>Resource Files</Filter>
    </Image>
    <Image Include="3Heart.bmp">
      <Filter>Resource Files</Filter>
    </Image>
    <Image Include="3Spade.bmp">
      <Filter>Resource Files</Filter>
    </Image>
    <Image Include="4Club.bmp">
      <Filter>Resource Files</Filter>
    </Image>
    <Image Include="4Diamonds.bmp">
      <Filter>Resource Files</Filter>
    </Image>
    <Image Include="4Heart.bmp">
      <Filter>Resource Files</Filter>
    </Image>
    <Image Include="4Spade.bmp">
      <Filter>Resource Files</Filter>
    </Image>
    <Image Include="5Clubs.bmp">
      <Filter>Resource Files</Filter>
    </Image>
    <Image Include="5Diamonds.bmp">
      <Filter>Resource Files</Filter>
    </Image>
    <Image Include="5Hearts.bmp">
      <Filter>Resource Files</Filter>
    </Image>
    <Image Include="5Spade.bmp">
      <Filter>Resource Files</Filter>
    </Image>
    <Image Include="6Clubs.bmp">
      <Filter>Resource Files</Filter>
    </Image>
    <Image Include="6Diamonds.bmp">
      <Filter>Resource Files</Filter>
    </Image>
    <Image Include="6Hearts.bmp">
      <Filter>Resource Files</Filter>
    </Image>
    <Image Include="6Spade.bmp">
      <Filter>Resource Files</Filter>
    </Image>
    <Image Include="7Club.bmp">
      <Filter>Resource Files</Filter>
    </Image>
    <Image Include="7Diamonds.bmp">
      <Filter>Resource Files</Filter>
    </Image>
    <Image Include="7Hearts.bmp">
      <Filter>Resource Files</Filter>
    </Image>
    <Image Include="7Spades.bmp">
      <Filter>Resource Files</Filter>
    </Image>
    <Image Include="8Clubs.bmp">
      <Filter>Resource Files</Filter>
    </Image>
    <Image Include="8Diamonds.bmp">
      <Filter>Resource Files</Filter>
    </Image>
    <Image Include="8Hearts.bmp">
      <Filter>Resource Files</Filter>
    </Image>
    <Image Include="8Spades.bmp">
      <Filter>Resource Files</Filter>
    </Image>
    <Image Include="9Clubs.bmp">
      <Filter>Resource Files</Filter>
    </Image>
    <Image Include="9Diamonds.bmp">
      <Filter>Resource Files</Filter>
    </Image>
    <Image Include="9Hearts.bmp">
      <Filter>Resource Files</Filter>
    </Image>
    <Image Include="9Spades.bmp">
      <Filter>Resource Files</Filter>
    </Image>
    <Image Include="AClub.bmp">
      <Filter>Resource Files</Filter>
    </Image>
    <Image Include="ADiamond.bmp">
      <Filter>Resource Files</Filter>
    </Image>
    <Image Include="AHeart.bmp">
      <Filter>Resource Files</Filter>
    </Image>
    <Image Include="ASpade.bmp">
      <Filter>Resource Files</Filter>
    </Image>
    <Image Include="JClub.bmp">
      <Filter>Resource Files</Filter>
    </Image>
    <Image Include="JDiamond.bmp">
      <Filter>Resource Files</Filter>
    </Image>
    <Image Include="JHeart.bmp">
      <Filter>Resource Files</Filter>
    </Image>
    <Image Include="JSpade.bmp">
      <Filter>Resource Files</Filter>
    </Image>
    <Image Include="KClub.bmp">
      <Filter>Resource Files</Filter>
    </Image>
    <Image Include="KDiamond.bmp">
      <Filter>Resource Files</Filter>
    </Image>
    <Image Include="KHeart.bmp">
      <Filter>Resource Files</Filter>
    </Image>
    <Image Include="KSpade.bmp">
      <Filter>Resource Files</Filter>
    </Image>
    <Image Include="QClub.bmp">
      <Filter>Resource Files</Filter>
    </Image>
    <Image Include="QDiamond.bmp">
      <Filter>Resource Files</Filter>
    </Image>
    <Image Include="QHearts.bmp">
      <Filter>Resource Files</Filter>
    </Image>
    <Image Include="QSpade.bmp">
      <Filter>Resource Files</Filter>
    </Image>
    <Image Include="Sprites\CardMask.bmp">
      <Filter>Resource Files</Filter>
    </Image>
    <Image Include="Sprites\2Heart.bmp">
      <Filter>Resource Files</Filter>
    </Image>
    <Image Include="Sprites\3Heart.bmp">
      <Filter>Resource Files</Filter>
    </Image>
    <Image Include="Sprites\4Heart.bmp">
      <Filter>Resource Files</Filter>
    </Image>
    <Image Include="Sprites\5Hearts.bmp">
      <Filter>Resource Files</Filter>
    </Image>
    <Image Include="Sprites\6Hearts.bmp">
      <Filter>Resource Files</Filter>
    </Image>
    <Image Include="Sprites\7Hearts.bmp">
      <Filter>Resource Files</Filter>
    </Image>
    <Image Include="Sprites\8Hearts.bmp">
      <Filter>Resource Files</Filter>
    </Image>
    <Image Include="Sprites\9Hearts.bmp">
      <Filter>Resource Files</Filter>
    </Image>
    <Image Include="Sprites\10Hearts.bmp">
      <Filter>Resource Files</Filter>
    </Image>
    <Image Include="Sprites\JHeart.bmp">
      <Filter>Resource Files</Filter>
    </Image>
    <Image Include="Sprites\QHearts.bmp">
      <Filter>Resource Files</Filter>
    </Image>
    <Image Include="Sprites\KHeart.bmp">
      <Filter>Resource Files</Filter>
    </Image>
    <Image Include="Sprites\AHeart.bmp">
      <Filter>Resource Files</Filter>
    </Image>
    <Image Include="Sprites\2Club.bmp">
      <Filter>Resource Files</Filter>
    </Image>
    <Image Include="Sprites\3Club.bmp">
      <Filter>Resource Files</Filter>
    </Image>
    <Image Include="Sprites\4Club.bmp">
      <Filter>Resource Files</Filter>
    </Image>
    <Image Include="Sprites\5Clubs.bmp">
      <Filter>Resource Files</Filter>
    </Image>
    <Image Include="Sprites\6Clubs.bmp">
      <Filter>Resource Files</Filter>
    </Image>
    <Image Include="Sprites\7Club.bmp">
      <Filter>Resource Files</Filter>
    </Image>
    <Image Include="Sprites\8Clubs.bmp">
      <Filter>Resource Files</Filter>
    </Image>
    <Image Include="Sprites\9Clubs.bmp">
      <Filter>Resource Files</Filter>
    </Image>
    <Image Include="Sprites\10Clubs.bmp">
      <Filter>Resource Files</Filter>
    </Image>
    <Image Include="Sprites\JClub.bmp">
      <Filter>Resource Files</Filter>
    </Image>
    <Image Include="Sprites\QClub.bmp">
      <Filter>Resource Files</Filter>
    </Image>
    <Image Include="Sprites\KClub.bmp">
      <Filter>Resource Files</Filter>
    </Image>
    <Image Include="Sprites\AClub.bmp">
      <Filter>Resource Files</Filter>
    </Image>
    <Image Include="Sprites\2Diamond.bmp">
      <Filter>Resource Files</Filter>
    </Image>
    <Image Include="Sprites\3Diamond.bmp">
      <Filter>Resource Files</Filter>
    </Image>
    <Image Include="Sprites\4Diamonds.bmp">
      <Filter>Resource Files</Filter>
    </Image>
    <Image Include="Sprites\5Diamonds.bmp">
      <Filter>Resource Files</Filter>
    </Image>
    <Image Include="Sprites\6Diamonds.bmp">
      <Filter>Resource Files</Filter>
    </Image>
    <Image Include="Sprites\7Diamonds.bmp">
      <Filter>Resource Files</Filter>
    </Image>
    <Image Include="Sprites\8Diamonds.bmp">
      <Filter>Resource Files</Filter>
    </Image>
    <Image Include="Sprites\9Diamonds.bmp">
      <Filter>Resource Files</Filter>
    </Image>
    <Image Include="Sprites\10Diamonds.bmp">
      <Filter>Resource Files</Filter>
    </Image>
    <Image Include="Sprites\JDiamond.bmp">
      <Filter>Resource Files</Filter>
    </Image>
    <Image Include="Sprites\QDiamond.bmp">
      <Filter>Resource Files</Filter>
    </Image>
    <Image Include="Sprites\KDiamond.bmp">
      <Filter>Resource Files</Filter>
    </Image>
    <Image Include="Sprites\ADiamond.bmp">
      <Filter>Resource Files</Filter>
    </Image>
    <Image Include="Sprites\2Spade.bmp">
      <Filter>Resource Files</Filter>
    </Image>
    <Image Include="Sprites\3Spade.bmp">
      <Filter>Resource Files</Filter>
    </Image>
    <Image Include="Sprites\4Spade.bmp">
      <Filter>Resource Files</Filter>
    </Image>
    <Image Include="Sprites\5Spade.bmp">
      <Filter>Resource Files</Filter>
    </Image>
    <Image Include="Sprites\6Spade.bmp">
      <Filter>Resource Files</Filter>
    </Image>
    <Image Include="Sprites\7Spades.bmp">
      <Filter>Resource Files</Filter>
    </Image>
    <Image Include="Sprites\8Spades.bmp">
      <Filter>Resource Files</Filter>
    </Image>
    <Image Include="Sprites\9Spades.bmp">
      <Filter>Resource Files</Filter>
    </Image>
    <Image Include="Sprites\10Spades.bmp">
      <Filter>Resource Files</Filter>
    </Image>
    <Image Include="Sprites\JSpade.bmp">
      <Filter>Resource Files</Filter>
    </Image>
    <Image Include="Sprites\QSpade.bmp">
      <Filter>Resource Files</Filter>
    </Image>
    <Image Include="Sprites\KSpade.bmp">
      <Filter>Resource Files</Filter>
    </Image>
    <Image Include="Sprites\ASpade.bmp">
      <Filter>Resource Files</Filter>
    </Image>
    <Image Include="Sprites\CardBack.bmp">
      <Filter>Resource Files</Filter>
    </Image>
    <Image Include="D:\Users\Madeleine.Day7218\Downloads\Background.bmp">
      <Filter>Resource Files</Filter>
    </Image>
    <Image Include="D:\Users\Madeleine.Day7218\Downloads\BackgroundMask.bmp">
      <Filter>Resource Files</Filter>
    </Image>
    <Image Include="Sprites\EmptyCardSlot.bmp">
      <Filter>Resource Files</Filter>
    </Image>
    <Image Include="Sprites\EmptyCardSlotMask.bmp">
      <Filter>Resource Files</Filter>
    </Image>
    <Image Include="Sprites\Background.bmp">
      <Filter>Resource Files</Filter>
    </Image>
    <Image Include="Sprites\BackgroundMask.bmp">
      <Filter>Resource Files</Filter>
    </Image>
  </ItemGroup>
</Project>